
Microsoft Visual Studio Solution File, Format Version 12.00
# Visual Studio Version 17
VisualStudioVersion = 17.5.33530.505
MinimumVisualStudioVersion = 10.0.40219.1
Project("{9A19103F-16F7-4668-BE54-9A1E7A4F7556}") = "BrowserServerSingnalR", "BrowserServerSingnalR.csproj", "{13A0F6C6-B4C1-4633-908E-EA6E32FE5A5C}"
EndProject
Global
	GlobalSection(SolutionConfigurationPlatforms) = preSolution
		Debug|Any CPU = Debug|Any CPU
		Release|Any CPU = Release|Any CPU
	EndGlobalSection
	GlobalSection(ProjectConfigurationPlatforms) = postSolution
		{13A0F6C6-B4C1-4633-908E-EA6E32FE5A5C}.Debug|Any CPU.ActiveCfg = Debug|Any CPU
		{13A0F6C6-B4C1-4633-908E-EA6E32FE5A5C}.Debug|Any CPU.Build.0 = Debug|Any CPU
		{13A0F6C6-B4C1-4633-908E-EA6E32FE5A5C}.Release|Any CPU.ActiveCfg = Release|Any CPU
		{13A0F6C6-B4C1-4633-908E-EA6E32FE5A5C}.Release|Any CPU.Build.0 = Release|Any CPU
	EndGlobalSection
	GlobalSection(SolutionProperties) = preSolution
		HideSolutionNode = FALSE
	EndGlobalSection
	GlobalSection(ExtensibilityGlobals) = postSolution
		SolutionGuid = {CC8672A5-2896-45D5-95CF-411AE5DE56B2}
	EndGlobalSection
EndGlobal
